
Microsoft Visual Studio Solution File, Format Version 12.00
# Visual Studio Version 16
VisualStudioVersion = 16.0.31911.196
MinimumVisualStudioVersion = 10.0.40219.1
Project("{FAE04EC0-301F-11D3-BF4B-00C04F79EFBC}") = "PruebaTecnica_2", "PruebaTecnica_2\PruebaTecnica_2.csproj", "{DFBD683F-EC5B-402E-AEDD-223BC1C9641E}"
EndProject
Global
	GlobalSection(SolutionConfigurationPlatforms) = preSolution
		Debug|Any CPU = Debug|Any CPU
		Release|Any CPU = Release|Any CPU
	EndGlobalSection
	GlobalSection(ProjectConfigurationPlatforms) = postSolution
		{DFBD683F-EC5B-402E-AEDD-223BC1C9641E}.Debug|Any CPU.ActiveCfg = Debug|Any CPU
		{DFBD683F-EC5B-402E-AEDD-223BC1C9641E}.Debug|Any CPU.Build.0 = Debug|Any CPU
		{DFBD683F-EC5B-402E-AEDD-223BC1C9641E}.Release|Any CPU.ActiveCfg = Release|Any CPU
		{DFBD683F-EC5B-402E-AEDD-223BC1C9641E}.Release|Any CPU.Build.0 = Release|Any CPU
	EndGlobalSection
	GlobalSection(SolutionProperties) = preSolution
		HideSolutionNode = FALSE
	EndGlobalSection
	GlobalSection(ExtensibilityGlobals) = postSolution
		SolutionGuid = {550D800A-457A-4C7E-83AC-82F1371F9C8C}
	EndGlobalSection
EndGlobal
